<?xml version="1.0" encoding="utf-8"?>
<Project ToolsVersion="4.0" xmlns="http://schemas.microsoft.com/developer/msbuild/2003">
  <ItemGroup>
    <ClCompile Include="Program.cpp" />
    <ClCompile Include="Systems\Time.cpp">
      <Filter>Systems</Filter>
    </ClCompile>
    <ClCompile Include="Systems\Window.cpp">
      <Filter>Systems</Filter>
    </ClCompile>
    <ClCompile Include="Systems\D3D.cpp">
      <Filter>Systems</Filter>
    </ClCompile>
    <ClCompile Include="Systems\Keyboard.cpp">
      <Filter>Systems</Filter>
    </ClCompile>
    <ClCompile Include="Systems\Mouse.cpp">
      <Filter>Systems</Filter>
    </ClCompile>
    <ClCompile Include="Renders\Shader.cpp">
      <Filter>Renders</Filter>
    </ClCompile>
    <ClCompile Include="Utilities\String.cpp">
      <Filter>Utilities</Filter>
    </ClCompile>
    <ClCompile Include="Utilities\Xml.cpp">
      <Filter>Utilities</Filter>
    </ClCompile>
    <ClCompile Include="Utilities\BinaryFile.cpp">
      <Filter>Utilities</Filter>
    </ClCompile>
    <ClCompile Include="Utilities\Json.cpp">
      <Filter>Utilities</Filter>
    </ClCompile>
    <ClCompile Include="Utilities\Math.cpp">
      <Filter>Utilities</Filter>
    </ClCompile>
    <ClCompile Include="Utilities\Path.cpp">
      <Filter>Utilities</Filter>
    </ClCompile>
    <ClCompile Include="Viewer\Viewport.cpp">
      <Filter>Viewer</Filter>
    </ClCompile>
    <ClCompile Include="Viewer\Perspective.cpp">
      <Filter>Viewer</Filter>
    </ClCompile>
    <ClCompile Include="Main.cpp" />
    <ClCompile Include="Viewer\Camera.cpp">
      <Filter>Viewer</Filter>
    </ClCompile>
    <ClCompile Include="Viewer\Freedom.cpp">
      <Filter>Viewer</Filter>
    </ClCompile>
    <ClCompile Include="Renders\Texture.cpp">
      <Filter>Renders</Filter>
    </ClCompile>
    <ClCompile Include="Renders\Material.cpp">
      <Filter>Renders</Filter>
    </ClCompile>
    <ClCompile Include="Fbx\Exporter.cpp">
      <Filter>Fbx</Filter>
    </ClCompile>
    <ClCompile Include="Executes\ExportModel.cpp">
      <Filter>Executes</Filter>
    </ClCompile>
    <ClCompile Include="Fbx\Utility.cpp">
      <Filter>Fbx</Filter>
    </ClCompile>
    <ClCompile Include="Model\Model.cpp">
      <Filter>Model</Filter>
    </ClCompile>
    <ClCompile Include="Model\ModelBone.cpp">
      <Filter>Model</Filter>
    </ClCompile>
    <ClCompile Include="Model\ModelMeshPart.cpp">
      <Filter>Model</Filter>
    </ClCompile>
    <ClCompile Include="Model\ModelMesh.cpp">
      <Filter>Model</Filter>
    </ClCompile>
    <ClCompile Include="Model\ModelReader.cpp">
      <Filter>Model</Filter>
    </ClCompile>
    <ClCompile Include="Objects\GameRender.cpp">
      <Filter>Objects</Filter>
    </ClCompile>
    <ClCompile Include="Objects\GameModel.cpp">
      <Filter>Objects</Filter>
    </ClCompile>
    <ClCompile Include="Executes\ExportMesh.cpp">
      <Filter>Executes</Filter>
    </ClCompile>
    <ClCompile Include="Objects\GameTank.cpp">
      <Filter>Objects</Filter>
    </ClCompile>
    <ClCompile Include="Landscape\Terrain.cpp">
      <Filter>Landscape</Filter>
    </ClCompile>
    <ClCompile Include="Executes\DrawLandscape.cpp">
      <Filter>Executes</Filter>
    </ClCompile>
    <ClCompile Include="Objects\MeshSphere.cpp">
      <Filter>Objects</Filter>
    </ClCompile>
    <ClCompile Include="Renders\DepthStencilState.cpp">
      <Filter>Renders</Filter>
    </ClCompile>
    <ClCompile Include="Renders\RasterizerState.cpp">
      <Filter>Renders</Filter>
    </ClCompile>
    <ClCompile Include="Renders\SamplerState.cpp">
      <Filter>Renders</Filter>
    </ClCompile>
  </ItemGroup>
  <ItemGroup>
    <ClInclude Include="stdafx.h" />
    <ClInclude Include="Systems\Mouse.h">
      <Filter>Systems</Filter>
    </ClInclude>
    <ClInclude Include="Systems\Time.h">
      <Filter>Systems</Filter>
    </ClInclude>
    <ClInclude Include="Systems\Window.h">
      <Filter>Systems</Filter>
    </ClInclude>
    <ClInclude Include="Systems\D3D.h">
      <Filter>Systems</Filter>
    </ClInclude>
    <ClInclude Include="Systems\Keyboard.h">
      <Filter>Systems</Filter>
    </ClInclude>
    <ClInclude Include="Renders\ShaderBuffer.h">
      <Filter>Renders</Filter>
    </ClInclude>
    <ClInclude Include="Renders\VertexLayouts.h">
      <Filter>Renders</Filter>
    </ClInclude>
    <ClInclude Include="Renders\GlobalBuffers.h">
      <Filter>Renders</Filter>
    </ClInclude>
    <ClInclude Include="Renders\Shader.h">
      <Filter>Renders</Filter>
    </ClInclude>
    <ClInclude Include="Utilities\Path.h">
      <Filter>Utilities</Filter>
    </ClInclude>
    <ClInclude Include="Utilities\String.h">
      <Filter>Utilities</Filter>
    </ClInclude>
    <ClInclude Include="Utilities\Xml.h">
      <Filter>Utilities</Filter>
    </ClInclude>
    <ClInclude Include="Utilities\BinaryFile.h">
      <Filter>Utilities</Filter>
    </ClInclude>
    <ClInclude Include="Utilities\Json.h">
      <Filter>Utilities</Filter>
    </ClInclude>
    <ClInclude Include="Utilities\Math.h">
      <Filter>Utilities</Filter>
    </ClInclude>
    <ClInclude Include="Executes\Execute.h">
      <Filter>Executes</Filter>
    </ClInclude>
    <ClInclude Include="Viewer\Viewport.h">
      <Filter>Viewer</Filter>
    </ClInclude>
    <ClInclude Include="Viewer\Perspective.h">
      <Filter>Viewer</Filter>
    </ClInclude>
    <ClInclude Include="Program.h" />
    <ClInclude Include="Viewer\Camera.h">
      <Filter>Viewer</Filter>
    </ClInclude>
    <ClInclude Include="Viewer\Freedom.h">
      <Filter>Viewer</Filter>
    </ClInclude>
    <ClInclude Include="Renders\Texture.h">
      <Filter>Renders</Filter>
    </ClInclude>
    <ClInclude Include="Renders\Material.h">
      <Filter>Renders</Filter>
    </ClInclude>
    <ClInclude Include="Interfaces\ICloneable.h">
      <Filter>Interfaces</Filter>
    </ClInclude>
    <ClInclude Include="Fbx\Exporter.h">
      <Filter>Fbx</Filter>
    </ClInclude>
    <ClInclude Include="Executes\ExportModel.h">
      <Filter>Executes</Filter>
    </ClInclude>
    <ClInclude Include="Fbx\Type.h">
      <Filter>Fbx</Filter>
    </ClInclude>
    <ClInclude Include="Fbx\Utility.h">
      <Filter>Fbx</Filter>
    </ClInclude>
    <ClInclude Include="Model\Model.h">
      <Filter>Model</Filter>
    </ClInclude>
    <ClInclude Include="Model\ModelBone.h">
      <Filter>Model</Filter>
    </ClInclude>
    <ClInclude Include="Model\ModelMeshPart.h">
      <Filter>Model</Filter>
    </ClInclude>
    <ClInclude Include="Model\ModelMesh.h">
      <Filter>Model</Filter>
    </ClInclude>
    <ClInclude Include="Objects\GameRender.h">
      <Filter>Objects</Filter>
    </ClInclude>
    <ClInclude Include="Objects\GameModel.h">
      <Filter>Objects</Filter>
    </ClInclude>
    <ClInclude Include="Executes\ExportMesh.h">
      <Filter>Executes</Filter>
    </ClInclude>
    <ClInclude Include="Objects\GameTank.h">
      <Filter>Objects</Filter>
    </ClInclude>
    <ClInclude Include="Landscape\Terrain.h">
      <Filter>Landscape</Filter>
    </ClInclude>
    <ClInclude Include="Executes\DrawLandscape.h">
      <Filter>Executes</Filter>
    </ClInclude>
    <ClInclude Include="Objects\MeshSphere.h">
      <Filter>Objects</Filter>
    </ClInclude>
    <ClInclude Include="Renders\DepthStencilState.h">
      <Filter>Renders</Filter>
    </ClInclude>
    <ClInclude Include="Renders\RasterizerState.h">
      <Filter>Renders</Filter>
    </ClInclude>
    <ClInclude Include="Renders\SamplerState.h">
      <Filter>Renders</Filter>
    </ClInclude>
  </ItemGroup>
  <ItemGroup>
    <Filter Include="Systems">
      <UniqueIdentifier>{e4bf7034-2c6b-4d7d-816d-66fa4fb0bf37}</UniqueIdentifier>
    </Filter>
    <Filter Include="Renders">
      <UniqueIdentifier>{cfa52a2e-d1a3-48e6-a4ed-87cadc014c40}</UniqueIdentifier>
    </Filter>
    <Filter Include="Utilities">
      <UniqueIdentifier>{06256df8-2898-48d2-b3ad-05af6f3e2125}</UniqueIdentifier>
    </Filter>
    <Filter Include="Executes">
      <UniqueIdentifier>{6d5a3bdb-fdd8-4239-a99c-a7480e48d54a}</UniqueIdentifier>
    </Filter>
    <Filter Include="Viewer">
      <UniqueIdentifier>{60ad8476-dda6-499c-ae37-2d2742e51118}</UniqueIdentifier>
    </Filter>
    <Filter Include="Interfaces">
      <UniqueIdentifier>{38356391-8dae-4379-970c-d4e038009dd2}</UniqueIdentifier>
    </Filter>
    <Filter Include="Fbx">
      <UniqueIdentifier>{e017090f-acb9-4cfb-bc3e-22413667cfdd}</UniqueIdentifier>
    </Filter>
    <Filter Include="Model">
      <UniqueIdentifier>{894097c7-b136-497c-8312-4d5de988a4bd}</UniqueIdentifier>
    </Filter>
    <Filter Include="Objects">
      <UniqueIdentifier>{2181af97-d4a4-4b5c-9029-d0202bf0ca70}</UniqueIdentifier>
    </Filter>
    <Filter Include="Landscape">
      <UniqueIdentifier>{081c7e74-05bb-4b54-8a3d-620ffffffd9a}</UniqueIdentifier>
    </Filter>
  </ItemGroup>
</Project>