<?xml version="1.0" encoding="utf-8"?>
<Project ToolsVersion="4.0" xmlns="http://schemas.microsoft.com/developer/msbuild/2003">
  <ItemGroup>
    <Filter Include="Boundings">
      <UniqueIdentifier>{d65eaf3c-9253-4945-9546-5d062fd5eb8a}</UniqueIdentifier>
    </Filter>
    <Filter Include="Draw">
      <UniqueIdentifier>{d736da0d-3622-4fc6-9fa5-f2f0c53423cc}</UniqueIdentifier>
    </Filter>
    <Filter Include="Environment">
      <UniqueIdentifier>{0608ff85-c53b-4e3d-bb39-5c48e32c85a5}</UniqueIdentifier>
    </Filter>
    <Filter Include="Models">
      <UniqueIdentifier>{6f4d43e5-0021-4d43-96e7-d65cec13fd7d}</UniqueIdentifier>
    </Filter>
    <Filter Include="Objects">
      <UniqueIdentifier>{f10a2307-726c-4a9a-ab3b-b33f147f9d2c}</UniqueIdentifier>
    </Filter>
    <Filter Include="Interfaces">
      <UniqueIdentifier>{5196ece4-c69e-4140-bd34-8b2d3e25d5f3}</UniqueIdentifier>
    </Filter>
    <Filter Include="Renders">
      <UniqueIdentifier>{f3180af7-cec4-485d-93de-e6f0d98b087b}</UniqueIdentifier>
    </Filter>
    <Filter Include="Systems">
      <UniqueIdentifier>{81ac382e-cadc-47ca-889c-52913f135cb5}</UniqueIdentifier>
    </Filter>
    <Filter Include="Utilities">
      <UniqueIdentifier>{09b3d52d-745a-4676-93da-9cd6b89d0a17}</UniqueIdentifier>
    </Filter>
    <Filter Include="Viewer">
      <UniqueIdentifier>{53579f2a-df34-408d-bafa-f5d221ab249d}</UniqueIdentifier>
    </Filter>
    <Filter Include="Environment\Terrain">
      <UniqueIdentifier>{2d4d6878-f6cc-49c3-b94a-c5351522c317}</UniqueIdentifier>
    </Filter>
    <Filter Include="Environment\Sky">
      <UniqueIdentifier>{cb9e8250-1d68-4c64-a396-c00da4a75d4d}</UniqueIdentifier>
    </Filter>
    <Filter Include="Environment\Weather">
      <UniqueIdentifier>{9754acaf-7b46-4849-8fcf-fe51bbdd9948}</UniqueIdentifier>
    </Filter>
    <Filter Include="Environment\Plant">
      <UniqueIdentifier>{051a8195-68bc-4ecd-8355-94d07863a4ff}</UniqueIdentifier>
    </Filter>
    <Filter Include="Components">
      <UniqueIdentifier>{e9d29fce-331a-4b00-a10a-1755429c1631}</UniqueIdentifier>
    </Filter>
    <Filter Include="Utilities\Command">
      <UniqueIdentifier>{b0a334c8-689b-49cd-a5f1-fd8ffc0524b2}</UniqueIdentifier>
    </Filter>
  </ItemGroup>
  <ItemGroup>
    <ClInclude Include="Boundings\BBox.h">
      <Filter>Boundings</Filter>
    </ClInclude>
    <ClInclude Include="Boundings\BSphere.h">
      <Filter>Boundings</Filter>
    </ClInclude>
    <ClInclude Include="Boundings\Ray.h">
      <Filter>Boundings</Filter>
    </ClInclude>
    <ClInclude Include="Draw\DebugLine.h">
      <Filter>Draw</Filter>
    </ClInclude>
    <ClInclude Include="Draw\ILine.h">
      <Filter>Draw</Filter>
    </ClInclude>
    <ClInclude Include="Draw\Mesh.h">
      <Filter>Draw</Filter>
    </ClInclude>
    <ClInclude Include="Draw\MeshCube.h">
      <Filter>Draw</Filter>
    </ClInclude>
    <ClInclude Include="Draw\MeshCylinder.h">
      <Filter>Draw</Filter>
    </ClInclude>
    <ClInclude Include="Draw\MeshGrid.h">
      <Filter>Draw</Filter>
    </ClInclude>
    <ClInclude Include="Draw\MeshQuad.h">
      <Filter>Draw</Filter>
    </ClInclude>
    <ClInclude Include="Draw\MeshSphere.h">
      <Filter>Draw</Filter>
    </ClInclude>
    <ClInclude Include="Interfaces\IBoundable.h">
      <Filter>Interfaces</Filter>
    </ClInclude>
    <ClInclude Include="Model\Model.h">
      <Filter>Models</Filter>
    </ClInclude>
    <ClInclude Include="Model\ModelBone.h">
      <Filter>Models</Filter>
    </ClInclude>
    <ClInclude Include="Model\ModelClip.h">
      <Filter>Models</Filter>
    </ClInclude>
    <ClInclude Include="Model\ModelKeyframe.h">
      <Filter>Models</Filter>
    </ClInclude>
    <ClInclude Include="Model\ModelMesh.h">
      <Filter>Models</Filter>
    </ClInclude>
    <ClInclude Include="Model\ModelMeshPart.h">
      <Filter>Models</Filter>
    </ClInclude>
    <ClInclude Include="Model\ModelTweener.h">
      <Filter>Models</Filter>
    </ClInclude>
    <ClInclude Include="Objects\GameAnimModel.h">
      <Filter>Objects</Filter>
    </ClInclude>
    <ClInclude Include="Objects\GameModel.h">
      <Filter>Objects</Filter>
    </ClInclude>
    <ClInclude Include="Objects\GameRender.h">
      <Filter>Objects</Filter>
    </ClInclude>
    <ClInclude Include="Renders\Context.h">
      <Filter>Renders</Filter>
    </ClInclude>
    <ClInclude Include="Renders\CSResource.h">
      <Filter>Renders</Filter>
    </ClInclude>
    <ClInclude Include="Renders\Material.h">
      <Filter>Renders</Filter>
    </ClInclude>
    <ClInclude Include="Renders\Render2D.h">
      <Filter>Renders</Filter>
    </ClInclude>
    <ClInclude Include="Renders\RenderTarget.h">
      <Filter>Renders</Filter>
    </ClInclude>
    <ClInclude Include="Renders\Shader.h">
      <Filter>Renders</Filter>
    </ClInclude>
    <ClInclude Include="Renders\Texture.h">
      <Filter>Renders</Filter>
    </ClInclude>
    <ClInclude Include="Renders\VertexLayouts.h">
      <Filter>Renders</Filter>
    </ClInclude>
    <ClInclude Include="Renders\CBuffer.h">
      <Filter>Renders</Filter>
    </ClInclude>
    <ClInclude Include="Systems\DirectWrite.h">
      <Filter>Systems</Filter>
    </ClInclude>
    <ClInclude Include="Systems\Keyboard.h">
      <Filter>Systems</Filter>
    </ClInclude>
    <ClInclude Include="Systems\Mouse.h">
      <Filter>Systems</Filter>
    </ClInclude>
    <ClInclude Include="Systems\Time.h">
      <Filter>Systems</Filter>
    </ClInclude>
    <ClInclude Include="Systems\Window.h">
      <Filter>Systems</Filter>
    </ClInclude>
    <ClInclude Include="Systems\D3D.h">
      <Filter>Systems</Filter>
    </ClInclude>
    <ClInclude Include="Utilities\Point.h">
      <Filter>Utilities</Filter>
    </ClInclude>
    <ClInclude Include="Utilities\PriorityQueue.h">
      <Filter>Utilities</Filter>
    </ClInclude>
    <ClInclude Include="Utilities\Rect.h">
      <Filter>Utilities</Filter>
    </ClInclude>
    <ClInclude Include="Utilities\String.h">
      <Filter>Utilities</Filter>
    </ClInclude>
    <ClInclude Include="Utilities\Xml.h">
      <Filter>Utilities</Filter>
    </ClInclude>
    <ClInclude Include="Utilities\BinaryFile.h">
      <Filter>Utilities</Filter>
    </ClInclude>
    <ClInclude Include="Utilities\Math.h">
      <Filter>Utilities</Filter>
    </ClInclude>
    <ClInclude Include="Utilities\Path.h">
      <Filter>Utilities</Filter>
    </ClInclude>
    <ClInclude Include="Viewer\DepthStencilView.h">
      <Filter>Viewer</Filter>
    </ClInclude>
    <ClInclude Include="Viewer\Fixity.h">
      <Filter>Viewer</Filter>
    </ClInclude>
    <ClInclude Include="Viewer\Freedom.h">
      <Filter>Viewer</Filter>
    </ClInclude>
    <ClInclude Include="Viewer\Frustum.h">
      <Filter>Viewer</Filter>
    </ClInclude>
    <ClInclude Include="Viewer\OrbitCamera.h">
      <Filter>Viewer</Filter>
    </ClInclude>
    <ClInclude Include="Viewer\Perspective.h">
      <Filter>Viewer</Filter>
    </ClInclude>
    <ClInclude Include="Viewer\RenderTargetCube.h">
      <Filter>Viewer</Filter>
    </ClInclude>
    <ClInclude Include="Viewer\RenderTargetView.h">
      <Filter>Viewer</Filter>
    </ClInclude>
    <ClInclude Include="Viewer\Viewport.h">
      <Filter>Viewer</Filter>
    </ClInclude>
    <ClInclude Include="Viewer\Camera.h">
      <Filter>Viewer</Filter>
    </ClInclude>
    <ClInclude Include="Framework.h" />
    <ClInclude Include="Systems\IExecute.h">
      <Filter>Systems</Filter>
    </ClInclude>
    <ClInclude Include="Environment\HeightMap.h">
      <Filter>Environment\Terrain</Filter>
    </ClInclude>
    <ClInclude Include="Environment\PathFinding.h">
      <Filter>Environment\Terrain</Filter>
    </ClInclude>
    <ClInclude Include="Environment\Terrain.h">
      <Filter>Environment\Terrain</Filter>
    </ClInclude>
    <ClInclude Include="Environment\TerrainRender.h">
      <Filter>Environment\Terrain</Filter>
    </ClInclude>
    <ClInclude Include="Environment\BSky.h">
      <Filter>Environment\Sky</Filter>
    </ClInclude>
    <ClInclude Include="Environment\CubeSky.h">
      <Filter>Environment\Sky</Filter>
    </ClInclude>
    <ClInclude Include="Environment\Sky.h">
      <Filter>Environment\Sky</Filter>
    </ClInclude>
    <ClInclude Include="Environment\NRain.h">
      <Filter>Environment\Weather</Filter>
    </ClInclude>
    <ClInclude Include="Environment\Rain.h">
      <Filter>Environment\Weather</Filter>
    </ClInclude>
    <ClInclude Include="Environment\Patch.h">
      <Filter>Environment\Terrain</Filter>
    </ClInclude>
    <ClInclude Include="Environment\Grass.h">
      <Filter>Environment\Plant</Filter>
    </ClInclude>
    <ClInclude Include="Environment\TerrainBrush.h">
      <Filter>Environment\Terrain</Filter>
    </ClInclude>
    <ClInclude Include="Interfaces\IComponent.h">
      <Filter>Interfaces</Filter>
    </ClInclude>
    <ClInclude Include="Components\Transform.h">
      <Filter>Components</Filter>
    </ClInclude>
    <ClInclude Include="Objects\GameObject.h">
      <Filter>Objects</Filter>
    </ClInclude>
    <ClInclude Include="Renders\LoadingScreen.h">
      <Filter>Renders</Filter>
    </ClInclude>
    <ClInclude Include="Renders\ShadowMap.h">
      <Filter>Renders</Filter>
    </ClInclude>
    <ClInclude Include="Interfaces\ICommand.h">
      <Filter>Interfaces</Filter>
    </ClInclude>
    <ClInclude Include="Utilities\CommandCenter.h">
      <Filter>Utilities</Filter>
    </ClInclude>
    <ClInclude Include="Utilities\Command.h">
      <Filter>Utilities\Command</Filter>
    </ClInclude>
  </ItemGroup>
  <ItemGroup>
    <ClCompile Include="Draw\DebugLine.cpp">
      <Filter>Draw</Filter>
    </ClCompile>
    <ClCompile Include="Draw\Mesh.cpp">
      <Filter>Draw</Filter>
    </ClCompile>
    <ClCompile Include="Draw\MeshCube.cpp">
      <Filter>Draw</Filter>
    </ClCompile>
    <ClCompile Include="Draw\MeshCylinder.cpp">
      <Filter>Draw</Filter>
    </ClCompile>
    <ClCompile Include="Draw\MeshGrid.cpp">
      <Filter>Draw</Filter>
    </ClCompile>
    <ClCompile Include="Draw\MeshQuad.cpp">
      <Filter>Draw</Filter>
    </ClCompile>
    <ClCompile Include="Draw\MeshSphere.cpp">
      <Filter>Draw</Filter>
    </ClCompile>
    <ClCompile Include="Model\Model.cpp">
      <Filter>Models</Filter>
    </ClCompile>
    <ClCompile Include="Model\ModelBone.cpp">
      <Filter>Models</Filter>
    </ClCompile>
    <ClCompile Include="Model\ModelClip.cpp">
      <Filter>Models</Filter>
    </ClCompile>
    <ClCompile Include="Model\ModelKeyframe.cpp">
      <Filter>Models</Filter>
    </ClCompile>
    <ClCompile Include="Model\ModelMesh.cpp">
      <Filter>Models</Filter>
    </ClCompile>
    <ClCompile Include="Model\ModelMeshPart.cpp">
      <Filter>Models</Filter>
    </ClCompile>
    <ClCompile Include="Model\ModelReader.cpp">
      <Filter>Models</Filter>
    </ClCompile>
    <ClCompile Include="Model\ModelTweener.cpp">
      <Filter>Models</Filter>
    </ClCompile>
    <ClCompile Include="Objects\GameAnimModel.cpp">
      <Filter>Objects</Filter>
    </ClCompile>
    <ClCompile Include="Objects\GameModel.cpp">
      <Filter>Objects</Filter>
    </ClCompile>
    <ClCompile Include="Objects\GameRender.cpp">
      <Filter>Objects</Filter>
    </ClCompile>
    <ClCompile Include="Renders\Context.cpp">
      <Filter>Renders</Filter>
    </ClCompile>
    <ClCompile Include="Renders\CSResource.cpp">
      <Filter>Renders</Filter>
    </ClCompile>
    <ClCompile Include="Renders\Material.cpp">
      <Filter>Renders</Filter>
    </ClCompile>
    <ClCompile Include="Renders\Render2D.cpp">
      <Filter>Renders</Filter>
    </ClCompile>
    <ClCompile Include="Renders\RenderTarget.cpp">
      <Filter>Renders</Filter>
    </ClCompile>
    <ClCompile Include="Renders\Shader.cpp">
      <Filter>Renders</Filter>
    </ClCompile>
    <ClCompile Include="Renders\Texture.cpp">
      <Filter>Renders</Filter>
    </ClCompile>
    <ClCompile Include="Renders\CBuffer.cpp">
      <Filter>Renders</Filter>
    </ClCompile>
    <ClCompile Include="Systems\DirectWrite.cpp">
      <Filter>Systems</Filter>
    </ClCompile>
    <ClCompile Include="Systems\Keyboard.cpp">
      <Filter>Systems</Filter>
    </ClCompile>
    <ClCompile Include="Systems\Mouse.cpp">
      <Filter>Systems</Filter>
    </ClCompile>
    <ClCompile Include="Systems\Time.cpp">
      <Filter>Systems</Filter>
    </ClCompile>
    <ClCompile Include="Systems\Window.cpp">
      <Filter>Systems</Filter>
    </ClCompile>
    <ClCompile Include="Systems\D3D.cpp">
      <Filter>Systems</Filter>
    </ClCompile>
    <ClCompile Include="Utilities\PriorityQueue.cpp">
      <Filter>Utilities</Filter>
    </ClCompile>
    <ClCompile Include="Utilities\Rect.cpp">
      <Filter>Utilities</Filter>
    </ClCompile>
    <ClCompile Include="Utilities\String.cpp">
      <Filter>Utilities</Filter>
    </ClCompile>
    <ClCompile Include="Utilities\Xml.cpp">
      <Filter>Utilities</Filter>
    </ClCompile>
    <ClCompile Include="Utilities\BinaryFile.cpp">
      <Filter>Utilities</Filter>
    </ClCompile>
    <ClCompile Include="Utilities\Math.cpp">
      <Filter>Utilities</Filter>
    </ClCompile>
    <ClCompile Include="Utilities\Path.cpp">
      <Filter>Utilities</Filter>
    </ClCompile>
    <ClCompile Include="Utilities\Point.cpp">
      <Filter>Utilities</Filter>
    </ClCompile>
    <ClCompile Include="Viewer\Fixity.cpp">
      <Filter>Viewer</Filter>
    </ClCompile>
    <ClCompile Include="Viewer\Freedom.cpp">
      <Filter>Viewer</Filter>
    </ClCompile>
    <ClCompile Include="Viewer\Frustum.cpp">
      <Filter>Viewer</Filter>
    </ClCompile>
    <ClCompile Include="Viewer\OrbitCamera.cpp">
      <Filter>Viewer</Filter>
    </ClCompile>
    <ClCompile Include="Viewer\Perspective.cpp">
      <Filter>Viewer</Filter>
    </ClCompile>
    <ClCompile Include="Viewer\RenderTargetCube.cpp">
      <Filter>Viewer</Filter>
    </ClCompile>
    <ClCompile Include="Viewer\RenderTargetView.cpp">
      <Filter>Viewer</Filter>
    </ClCompile>
    <ClCompile Include="Viewer\Viewport.cpp">
      <Filter>Viewer</Filter>
    </ClCompile>
    <ClCompile Include="Viewer\Camera.cpp">
      <Filter>Viewer</Filter>
    </ClCompile>
    <ClCompile Include="Viewer\DepthStencilView.cpp">
      <Filter>Viewer</Filter>
    </ClCompile>
    <ClCompile Include="Environment\HeightMap.cpp">
      <Filter>Environment\Terrain</Filter>
    </ClCompile>
    <ClCompile Include="Environment\PathFinding.cpp">
      <Filter>Environment\Terrain</Filter>
    </ClCompile>
    <ClCompile Include="Environment\Terrain.cpp">
      <Filter>Environment\Terrain</Filter>
    </ClCompile>
    <ClCompile Include="Environment\TerrainRender.cpp">
      <Filter>Environment\Terrain</Filter>
    </ClCompile>
    <ClCompile Include="Environment\BSky.cpp">
      <Filter>Environment\Sky</Filter>
    </ClCompile>
    <ClCompile Include="Environment\CubeSky.cpp">
      <Filter>Environment\Sky</Filter>
    </ClCompile>
    <ClCompile Include="Environment\Sky.cpp">
      <Filter>Environment\Sky</Filter>
    </ClCompile>
    <ClCompile Include="Environment\NRain.cpp">
      <Filter>Environment\Weather</Filter>
    </ClCompile>
    <ClCompile Include="Environment\Rain.cpp">
      <Filter>Environment\Weather</Filter>
    </ClCompile>
    <ClCompile Include="Environment\Patch.cpp">
      <Filter>Environment\Terrain</Filter>
    </ClCompile>
    <ClCompile Include="Environment\Grass.cpp">
      <Filter>Environment\Plant</Filter>
    </ClCompile>
    <ClCompile Include="Environment\TerrainBrush.cpp">
      <Filter>Environment\Terrain</Filter>
    </ClCompile>
    <ClCompile Include="Components\Transform.cpp">
      <Filter>Components</Filter>
    </ClCompile>
    <ClCompile Include="Objects\GameObject.cpp">
      <Filter>Objects</Filter>
    </ClCompile>
    <ClCompile Include="Renders\LoadingScreen.cpp">
      <Filter>Renders</Filter>
    </ClCompile>
    <ClCompile Include="Renders\ShadowMap.cpp">
      <Filter>Renders</Filter>
    </ClCompile>
    <ClCompile Include="Utilities\CommandCenter.cpp">
      <Filter>Utilities</Filter>
    </ClCompile>
    <ClCompile Include="Utilities\Command.cpp">
      <Filter>Utilities\Command</Filter>
    </ClCompile>
  </ItemGroup>
</Project>