
Microsoft Visual Studio Solution File, Format Version 12.00
# Visual Studio 14
VisualStudioVersion = 14.0.25420.1
MinimumVisualStudioVersion = 10.0.40219.1
Project("{8BC9CEB8-8B4A-11D0-8D11-00A0C91BC942}") = "Framework", "Framework\Framework.vcxproj", "{053F0259-4708-4805-971E-3F0C1275DA44}"
EndProject
Project("{8BC9CEB8-8B4A-11D0-8D11-00A0C91BC942}") = "LevelEditor", "LevelEditor\LevelEditor.vcxproj", "{492A245F-E25C-4EDC-9E01-D3E5FDA7214A}"
	ProjectSection(ProjectDependencies) = postProject
		{053F0259-4708-4805-971E-3F0C1275DA44} = {053F0259-4708-4805-971E-3F0C1275DA44}
	EndProjectSection
EndProject
Global
	GlobalSection(SolutionConfigurationPlatforms) = preSolution
		Debug|x64 = Debug|x64
		Debug|x86 = Debug|x86
		Release|x64 = Release|x64
		Release|x86 = Release|x86
	EndGlobalSection
	GlobalSection(ProjectConfigurationPlatforms) = postSolution
		{053F0259-4708-4805-971E-3F0C1275DA44}.Debug|x64.ActiveCfg = Debug|x64
		{053F0259-4708-4805-971E-3F0C1275DA44}.Debug|x64.Build.0 = Debug|x64
		{053F0259-4708-4805-971E-3F0C1275DA44}.Debug|x86.ActiveCfg = Debug|Win32
		{053F0259-4708-4805-971E-3F0C1275DA44}.Debug|x86.Build.0 = Debug|Win32
		{053F0259-4708-4805-971E-3F0C1275DA44}.Release|x64.ActiveCfg = Release|x64
		{053F0259-4708-4805-971E-3F0C1275DA44}.Release|x64.Build.0 = Release|x64
		{053F0259-4708-4805-971E-3F0C1275DA44}.Release|x86.ActiveCfg = Release|Win32
		{053F0259-4708-4805-971E-3F0C1275DA44}.Release|x86.Build.0 = Release|Win32
		{492A245F-E25C-4EDC-9E01-D3E5FDA7214A}.Debug|x64.ActiveCfg = Debug|x64
		{492A245F-E25C-4EDC-9E01-D3E5FDA7214A}.Debug|x64.Build.0 = Debug|x64
		{492A245F-E25C-4EDC-9E01-D3E5FDA7214A}.Debug|x86.ActiveCfg = Debug|Win32
		{492A245F-E25C-4EDC-9E01-D3E5FDA7214A}.Debug|x86.Build.0 = Debug|Win32
		{492A245F-E25C-4EDC-9E01-D3E5FDA7214A}.Release|x64.ActiveCfg = Release|x64
		{492A245F-E25C-4EDC-9E01-D3E5FDA7214A}.Release|x64.Build.0 = Release|x64
		{492A245F-E25C-4EDC-9E01-D3E5FDA7214A}.Release|x86.ActiveCfg = Release|Win32
		{492A245F-E25C-4EDC-9E01-D3E5FDA7214A}.Release|x86.Build.0 = Release|Win32
	EndGlobalSection
	GlobalSection(SolutionProperties) = preSolution
		HideSolutionNode = FALSE
	EndGlobalSection
EndGlobal
